
Microsoft Visual Studio Solution File, Format Version 12.00
# Visual Studio Version 17
VisualStudioVersion = 17.0.31903.59
MinimumVisualStudioVersion = 10.0.40219.1
Project("{9A19103F-16F7-4668-BE54-9A1E7A4F7556}") = "TaaghcheBook.Application", "TaaghcheBook.Application\TaaghcheBook.Application.csproj", "{0617DC69-41E5-4865-9D9F-6F0677146ED5}"
EndProject
Project("{9A19103F-16F7-4668-BE54-9A1E7A4F7556}") = "TaaghcheBook.Core", "TaaghcheBook.Core\TaaghcheBook.Core.csproj", "{C32CC2FA-3DA6-4855-BA33-549496156B46}"
EndProject
Project("{9A19103F-16F7-4668-BE54-9A1E7A4F7556}") = "TaaghcheBook.Infrastructure", "TaaghcheBook.Infrastructure\TaaghcheBook.Infrastructure.csproj", "{BD301932-E192-4834-9525-68A523BF48F5}"
EndProject
Project("{9A19103F-16F7-4668-BE54-9A1E7A4F7556}") = "TaaghcheBook.API", "TaaghcheBook.API\TaaghcheBook.API.csproj", "{E8CCE5FC-52C4-4FBE-BFCF-E9FDA50714A5}"
EndProject
Project("{FAE04EC0-301F-11D3-BF4B-00C04F79EFBC}") = "TaaghcheBook.Test", "TaaghcheBook.Test\TaaghcheBook.Test.csproj", "{6F5BB56E-1719-41F8-A320-6D236967D2E7}"
EndProject
Global
	GlobalSection(SolutionConfigurationPlatforms) = preSolution
		Debug|Any CPU = Debug|Any CPU
		Release|Any CPU = Release|Any CPU
	EndGlobalSection
	GlobalSection(ProjectConfigurationPlatforms) = postSolution
		{0617DC69-41E5-4865-9D9F-6F0677146ED5}.Debug|Any CPU.ActiveCfg = Debug|Any CPU
		{0617DC69-41E5-4865-9D9F-6F0677146ED5}.Debug|Any CPU.Build.0 = Debug|Any CPU
		{0617DC69-41E5-4865-9D9F-6F0677146ED5}.Release|Any CPU.ActiveCfg = Release|Any CPU
		{0617DC69-41E5-4865-9D9F-6F0677146ED5}.Release|Any CPU.Build.0 = Release|Any CPU
		{C32CC2FA-3DA6-4855-BA33-549496156B46}.Debug|Any CPU.ActiveCfg = Debug|Any CPU
		{C32CC2FA-3DA6-4855-BA33-549496156B46}.Debug|Any CPU.Build.0 = Debug|Any CPU
		{C32CC2FA-3DA6-4855-BA33-549496156B46}.Release|Any CPU.ActiveCfg = Release|Any CPU
		{C32CC2FA-3DA6-4855-BA33-549496156B46}.Release|Any CPU.Build.0 = Release|Any CPU
		{BD301932-E192-4834-9525-68A523BF48F5}.Debug|Any CPU.ActiveCfg = Debug|Any CPU
		{BD301932-E192-4834-9525-68A523BF48F5}.Debug|Any CPU.Build.0 = Debug|Any CPU
		{BD301932-E192-4834-9525-68A523BF48F5}.Release|Any CPU.ActiveCfg = Release|Any CPU
		{BD301932-E192-4834-9525-68A523BF48F5}.Release|Any CPU.Build.0 = Release|Any CPU
		{E8CCE5FC-52C4-4FBE-BFCF-E9FDA50714A5}.Debug|Any CPU.ActiveCfg = Debug|Any CPU
		{E8CCE5FC-52C4-4FBE-BFCF-E9FDA50714A5}.Debug|Any CPU.Build.0 = Debug|Any CPU
		{E8CCE5FC-52C4-4FBE-BFCF-E9FDA50714A5}.Release|Any CPU.ActiveCfg = Release|Any CPU
		{E8CCE5FC-52C4-4FBE-BFCF-E9FDA50714A5}.Release|Any CPU.Build.0 = Release|Any CPU
		{6F5BB56E-1719-41F8-A320-6D236967D2E7}.Debug|Any CPU.ActiveCfg = Debug|Any CPU
		{6F5BB56E-1719-41F8-A320-6D236967D2E7}.Debug|Any CPU.Build.0 = Debug|Any CPU
		{6F5BB56E-1719-41F8-A320-6D236967D2E7}.Release|Any CPU.ActiveCfg = Release|Any CPU
		{6F5BB56E-1719-41F8-A320-6D236967D2E7}.Release|Any CPU.Build.0 = Release|Any CPU
	EndGlobalSection
	GlobalSection(SolutionProperties) = preSolution
		HideSolutionNode = FALSE
	EndGlobalSection
	GlobalSection(ExtensibilityGlobals) = postSolution
		SolutionGuid = {1262747E-EFEC-4C14-B29E-F839E5D1504A}
	EndGlobalSection
EndGlobal
